
Microsoft Visual Studio Solution File, Format Version 12.00
# Visual Studio 15
VisualStudioVersion = 15.0.26430.6
MinimumVisualStudioVersion = 10.0.40219.1
Project("{FAE04EC0-301F-11D3-BF4B-00C04F79EFBC}") = "app.service", "app.service\app.service.csproj", "{E22CE417-8F1A-4452-89EE-0F80AFAE0423}"
EndProject
Project("{FAE04EC0-301F-11D3-BF4B-00C04F79EFBC}") = "app.domain", "app.domain\app.domain.csproj", "{42C284AE-AF72-4417-AA4A-0277D33DE299}"
EndProject
Project("{FAE04EC0-301F-11D3-BF4B-00C04F79EFBC}") = "app.database", "app.database\app.database.csproj", "{0D6ED4F8-DB1C-47C5-B1BF-CF40EC6EC021}"
EndProject
Project("{FAE04EC0-301F-11D3-BF4B-00C04F79EFBC}") = "app.web.core", "app.web.core\app.web.core.csproj", "{4062A3DD-F28F-4460-95F6-D8F99293B7BD}"
EndProject
Project("{FAE04EC0-301F-11D3-BF4B-00C04F79EFBC}") = "app.web.admin", "app.web.admin\app.web.admin.csproj", "{99040934-9EBB-4F91-8ABE-562ED9B1A106}"
EndProject
Global
	GlobalSection(SolutionConfigurationPlatforms) = preSolution
		Debug|Any CPU = Debug|Any CPU
		Debug|ARM = Debug|ARM
		Debug|x64 = Debug|x64
		Debug|x86 = Debug|x86
		Release|Any CPU = Release|Any CPU
		Release|ARM = Release|ARM
		Release|x64 = Release|x64
		Release|x86 = Release|x86
	EndGlobalSection
	GlobalSection(ProjectConfigurationPlatforms) = postSolution
		{E22CE417-8F1A-4452-89EE-0F80AFAE0423}.Debug|Any CPU.ActiveCfg = Debug|Any CPU
		{E22CE417-8F1A-4452-89EE-0F80AFAE0423}.Debug|Any CPU.Build.0 = Debug|Any CPU
		{E22CE417-8F1A-4452-89EE-0F80AFAE0423}.Debug|ARM.ActiveCfg = Debug|Any CPU
		{E22CE417-8F1A-4452-89EE-0F80AFAE0423}.Debug|ARM.Build.0 = Debug|Any CPU
		{E22CE417-8F1A-4452-89EE-0F80AFAE0423}.Debug|x64.ActiveCfg = Debug|Any CPU
		{E22CE417-8F1A-4452-89EE-0F80AFAE0423}.Debug|x64.Build.0 = Debug|Any CPU
		{E22CE417-8F1A-4452-89EE-0F80AFAE0423}.Debug|x86.ActiveCfg = Debug|Any CPU
		{E22CE417-8F1A-4452-89EE-0F80AFAE0423}.Debug|x86.Build.0 = Debug|Any CPU
		{E22CE417-8F1A-4452-89EE-0F80AFAE0423}.Release|Any CPU.ActiveCfg = Release|Any CPU
		{E22CE417-8F1A-4452-89EE-0F80AFAE0423}.Release|Any CPU.Build.0 = Release|Any CPU
		{E22CE417-8F1A-4452-89EE-0F80AFAE0423}.Release|ARM.ActiveCfg = Release|Any CPU
		{E22CE417-8F1A-4452-89EE-0F80AFAE0423}.Release|ARM.Build.0 = Release|Any CPU
		{E22CE417-8F1A-4452-89EE-0F80AFAE0423}.Release|x64.ActiveCfg = Release|Any CPU
		{E22CE417-8F1A-4452-89EE-0F80AFAE0423}.Release|x64.Build.0 = Release|Any CPU
		{E22CE417-8F1A-4452-89EE-0F80AFAE0423}.Release|x86.ActiveCfg = Release|Any CPU
		{E22CE417-8F1A-4452-89EE-0F80AFAE0423}.Release|x86.Build.0 = Release|Any CPU
		{42C284AE-AF72-4417-AA4A-0277D33DE299}.Debug|Any CPU.ActiveCfg = Debug|Any CPU
		{42C284AE-AF72-4417-AA4A-0277D33DE299}.Debug|Any CPU.Build.0 = Debug|Any CPU
		{42C284AE-AF72-4417-AA4A-0277D33DE299}.Debug|ARM.ActiveCfg = Debug|Any CPU
		{42C284AE-AF72-4417-AA4A-0277D33DE299}.Debug|ARM.Build.0 = Debug|Any CPU
		{42C284AE-AF72-4417-AA4A-0277D33DE299}.Debug|x64.ActiveCfg = Debug|Any CPU
		{42C284AE-AF72-4417-AA4A-0277D33DE299}.Debug|x64.Build.0 = Debug|Any CPU
		{42C284AE-AF72-4417-AA4A-0277D33DE299}.Debug|x86.ActiveCfg = Debug|Any CPU
		{42C284AE-AF72-4417-AA4A-0277D33DE299}.Debug|x86.Build.0 = Debug|Any CPU
		{42C284AE-AF72-4417-AA4A-0277D33DE299}.Release|Any CPU.ActiveCfg = Release|Any CPU
		{42C284AE-AF72-4417-AA4A-0277D33DE299}.Release|Any CPU.Build.0 = Release|Any CPU
		{42C284AE-AF72-4417-AA4A-0277D33DE299}.Release|ARM.ActiveCfg = Release|Any CPU
		{42C284AE-AF72-4417-AA4A-0277D33DE299}.Release|ARM.Build.0 = Release|Any CPU
		{42C284AE-AF72-4417-AA4A-0277D33DE299}.Release|x64.ActiveCfg = Release|Any CPU
		{42C284AE-AF72-4417-AA4A-0277D33DE299}.Release|x64.Build.0 = Release|Any CPU
		{42C284AE-AF72-4417-AA4A-0277D33DE299}.Release|x86.ActiveCfg = Release|Any CPU
		{42C284AE-AF72-4417-AA4A-0277D33DE299}.Release|x86.Build.0 = Release|Any CPU
		{0D6ED4F8-DB1C-47C5-B1BF-CF40EC6EC021}.Debug|Any CPU.ActiveCfg = Debug|Any CPU
		{0D6ED4F8-DB1C-47C5-B1BF-CF40EC6EC021}.Debug|Any CPU.Build.0 = Debug|Any CPU
		{0D6ED4F8-DB1C-47C5-B1BF-CF40EC6EC021}.Debug|ARM.ActiveCfg = Debug|Any CPU
		{0D6ED4F8-DB1C-47C5-B1BF-CF40EC6EC021}.Debug|ARM.Build.0 = Debug|Any CPU
		{0D6ED4F8-DB1C-47C5-B1BF-CF40EC6EC021}.Debug|x64.ActiveCfg = Debug|Any CPU
		{0D6ED4F8-DB1C-47C5-B1BF-CF40EC6EC021}.Debug|x64.Build.0 = Debug|Any CPU
		{0D6ED4F8-DB1C-47C5-B1BF-CF40EC6EC021}.Debug|x86.ActiveCfg = Debug|Any CPU
		{0D6ED4F8-DB1C-47C5-B1BF-CF40EC6EC021}.Debug|x86.Build.0 = Debug|Any CPU
		{0D6ED4F8-DB1C-47C5-B1BF-CF40EC6EC021}.Release|Any CPU.ActiveCfg = Release|Any CPU
		{0D6ED4F8-DB1C-47C5-B1BF-CF40EC6EC021}.Release|Any CPU.Build.0 = Release|Any CPU
		{0D6ED4F8-DB1C-47C5-B1BF-CF40EC6EC021}.Release|ARM.ActiveCfg = Release|Any CPU
		{0D6ED4F8-DB1C-47C5-B1BF-CF40EC6EC021}.Release|ARM.Build.0 = Release|Any CPU
		{0D6ED4F8-DB1C-47C5-B1BF-CF40EC6EC021}.Release|x64.ActiveCfg = Release|Any CPU
		{0D6ED4F8-DB1C-47C5-B1BF-CF40EC6EC021}.Release|x64.Build.0 = Release|Any CPU
		{0D6ED4F8-DB1C-47C5-B1BF-CF40EC6EC021}.Release|x86.ActiveCfg = Release|Any CPU
		{0D6ED4F8-DB1C-47C5-B1BF-CF40EC6EC021}.Release|x86.Build.0 = Release|Any CPU
		{4062A3DD-F28F-4460-95F6-D8F99293B7BD}.Debug|Any CPU.ActiveCfg = Debug|Any CPU
		{4062A3DD-F28F-4460-95F6-D8F99293B7BD}.Debug|Any CPU.Build.0 = Debug|Any CPU
		{4062A3DD-F28F-4460-95F6-D8F99293B7BD}.Debug|ARM.ActiveCfg = Debug|Any CPU
		{4062A3DD-F28F-4460-95F6-D8F99293B7BD}.Debug|ARM.Build.0 = Debug|Any CPU
		{4062A3DD-F28F-4460-95F6-D8F99293B7BD}.Debug|x64.ActiveCfg = Debug|Any CPU
		{4062A3DD-F28F-4460-95F6-D8F99293B7BD}.Debug|x64.Build.0 = Debug|Any CPU
		{4062A3DD-F28F-4460-95F6-D8F99293B7BD}.Debug|x86.ActiveCfg = Debug|Any CPU
		{4062A3DD-F28F-4460-95F6-D8F99293B7BD}.Debug|x86.Build.0 = Debug|Any CPU
		{4062A3DD-F28F-4460-95F6-D8F99293B7BD}.Release|Any CPU.ActiveCfg = Release|Any CPU
		{4062A3DD-F28F-4460-95F6-D8F99293B7BD}.Release|Any CPU.Build.0 = Release|Any CPU
		{4062A3DD-F28F-4460-95F6-D8F99293B7BD}.Release|ARM.ActiveCfg = Release|Any CPU
		{4062A3DD-F28F-4460-95F6-D8F99293B7BD}.Release|ARM.Build.0 = Release|Any CPU
		{4062A3DD-F28F-4460-95F6-D8F99293B7BD}.Release|x64.ActiveCfg = Release|Any CPU
		{4062A3DD-F28F-4460-95F6-D8F99293B7BD}.Release|x64.Build.0 = Release|Any CPU
		{4062A3DD-F28F-4460-95F6-D8F99293B7BD}.Release|x86.ActiveCfg = Release|Any CPU
		{4062A3DD-F28F-4460-95F6-D8F99293B7BD}.Release|x86.Build.0 = Release|Any CPU
		{99040934-9EBB-4F91-8ABE-562ED9B1A106}.Debug|Any CPU.ActiveCfg = Debug|Any CPU
		{99040934-9EBB-4F91-8ABE-562ED9B1A106}.Debug|Any CPU.Build.0 = Debug|Any CPU
		{99040934-9EBB-4F91-8ABE-562ED9B1A106}.Debug|ARM.ActiveCfg = Debug|Any CPU
		{99040934-9EBB-4F91-8ABE-562ED9B1A106}.Debug|ARM.Build.0 = Debug|Any CPU
		{99040934-9EBB-4F91-8ABE-562ED9B1A106}.Debug|x64.ActiveCfg = Debug|Any CPU
		{99040934-9EBB-4F91-8ABE-562ED9B1A106}.Debug|x64.Build.0 = Debug|Any CPU
		{99040934-9EBB-4F91-8ABE-562ED9B1A106}.Debug|x86.ActiveCfg = Debug|Any CPU
		{99040934-9EBB-4F91-8ABE-562ED9B1A106}.Debug|x86.Build.0 = Debug|Any CPU
		{99040934-9EBB-4F91-8ABE-562ED9B1A106}.Release|Any CPU.ActiveCfg = Release|Any CPU
		{99040934-9EBB-4F91-8ABE-562ED9B1A106}.Release|Any CPU.Build.0 = Release|Any CPU
		{99040934-9EBB-4F91-8ABE-562ED9B1A106}.Release|ARM.ActiveCfg = Release|Any CPU
		{99040934-9EBB-4F91-8ABE-562ED9B1A106}.Release|ARM.Build.0 = Release|Any CPU
		{99040934-9EBB-4F91-8ABE-562ED9B1A106}.Release|x64.ActiveCfg = Release|Any CPU
		{99040934-9EBB-4F91-8ABE-562ED9B1A106}.Release|x64.Build.0 = Release|Any CPU
		{99040934-9EBB-4F91-8ABE-562ED9B1A106}.Release|x86.ActiveCfg = Release|Any CPU
		{99040934-9EBB-4F91-8ABE-562ED9B1A106}.Release|x86.Build.0 = Release|Any CPU
		{9A681345-3450-461B-AA38-CD6B7FC1F7BE}.Debug|Any CPU.ActiveCfg = Debug|Any CPU
		{9A681345-3450-461B-AA38-CD6B7FC1F7BE}.Debug|Any CPU.Build.0 = Debug|Any CPU
		{9A681345-3450-461B-AA38-CD6B7FC1F7BE}.Debug|ARM.ActiveCfg = Debug|Any CPU
		{9A681345-3450-461B-AA38-CD6B7FC1F7BE}.Debug|ARM.Build.0 = Debug|Any CPU
		{9A681345-3450-461B-AA38-CD6B7FC1F7BE}.Debug|x64.ActiveCfg = Debug|Any CPU
		{9A681345-3450-461B-AA38-CD6B7FC1F7BE}.Debug|x64.Build.0 = Debug|Any CPU
		{9A681345-3450-461B-AA38-CD6B7FC1F7BE}.Debug|x86.ActiveCfg = Debug|Any CPU
		{9A681345-3450-461B-AA38-CD6B7FC1F7BE}.Debug|x86.Build.0 = Debug|Any CPU
		{9A681345-3450-461B-AA38-CD6B7FC1F7BE}.Release|Any CPU.ActiveCfg = Release|Any CPU
		{9A681345-3450-461B-AA38-CD6B7FC1F7BE}.Release|Any CPU.Build.0 = Release|Any CPU
		{9A681345-3450-461B-AA38-CD6B7FC1F7BE}.Release|ARM.ActiveCfg = Release|Any CPU
		{9A681345-3450-461B-AA38-CD6B7FC1F7BE}.Release|ARM.Build.0 = Release|Any CPU
		{9A681345-3450-461B-AA38-CD6B7FC1F7BE}.Release|x64.ActiveCfg = Release|Any CPU
		{9A681345-3450-461B-AA38-CD6B7FC1F7BE}.Release|x64.Build.0 = Release|Any CPU
		{9A681345-3450-461B-AA38-CD6B7FC1F7BE}.Release|x86.ActiveCfg = Release|Any CPU
		{9A681345-3450-461B-AA38-CD6B7FC1F7BE}.Release|x86.Build.0 = Release|Any CPU
	EndGlobalSection
	GlobalSection(SolutionProperties) = preSolution
		HideSolutionNode = FALSE
	EndGlobalSection
EndGlobal
